
Microsoft Visual Studio Solution File, Format Version 12.00
# Visual Studio 15
VisualStudioVersion = 15.0.26403.7
MinimumVisualStudioVersion = 10.0.40219.1
Project("{2150E333-8FDC-42A3-9474-1A3956D46DE8}") = "src", "src", "{4DF4EF71-1A28-4ABD-A427-A5E636FC2D0C}"
EndProject
Project("{2150E333-8FDC-42A3-9474-1A3956D46DE8}") = "Solution Items", "Solution Items", "{FC3729B2-81C6-48E3-AB38-7249284AA740}"
	ProjectSection(SolutionItems) = preProject
		appveyor-reference.yml = appveyor-reference.yml
		appveyor.yml = appveyor.yml
		README.md = README.md
	EndProjectSection
EndProject
Project("{2150E333-8FDC-42A3-9474-1A3956D46DE8}") = "test", "test", "{6461C443-BD30-4094-9C83-39DCBA264A3F}"
EndProject
Project("{2150E333-8FDC-42A3-9474-1A3956D46DE8}") = "samples", "samples", "{31D8FCA4-1AB6-4EAC-BE74-7F9A2FE02FA5}"
EndProject
Project("{2150E333-8FDC-42A3-9474-1A3956D46DE8}") = "build", "build", "{F2C58454-DD20-4E48-848F-665D6822E677}"
	ProjectSection(SolutionItems) = preProject
		build\build.ps1 = build\build.ps1
	EndProjectSection
EndProject
Project("{9A19103F-16F7-4668-BE54-9A1E7A4F7556}") = "DavisVantage.WeatherReader.Tests", "test\DavisVantage.WeatherReader.Tests\DavisVantage.WeatherReader.Tests.csproj", "{178E4973-FC75-4741-A054-0B964CA0DBCB}"
EndProject
Project("{9A19103F-16F7-4668-BE54-9A1E7A4F7556}") = "DavisVantage.WeatherReader", "src\DavisVantage.WeatherReader\DavisVantage.WeatherReader.csproj", "{0A66214D-C2EA-48E2-9A1E-DD0A2337A01D}"
EndProject
Project("{9A19103F-16F7-4668-BE54-9A1E7A4F7556}") = "Sample.NetCore", "samples\Sample.NetCore\Sample.NetCore.csproj", "{AAA64FA2-DA2E-4D34-8FA7-3BB18F256C13}"
EndProject
Project("{9A19103F-16F7-4668-BE54-9A1E7A4F7556}") = "Sample.NetCore.Autofac", "samples\Sample.NetCore.Autofac\Sample.NetCore.Autofac.csproj", "{6750BD56-B1FF-4A24-B0FB-238C575E7F4F}"
EndProject
Global
	GlobalSection(SolutionConfigurationPlatforms) = preSolution
		Debug|Any CPU = Debug|Any CPU
		Release|Any CPU = Release|Any CPU
	EndGlobalSection
	GlobalSection(ProjectConfigurationPlatforms) = postSolution
		{178E4973-FC75-4741-A054-0B964CA0DBCB}.Debug|Any CPU.ActiveCfg = Debug|Any CPU
		{178E4973-FC75-4741-A054-0B964CA0DBCB}.Debug|Any CPU.Build.0 = Debug|Any CPU
		{178E4973-FC75-4741-A054-0B964CA0DBCB}.Release|Any CPU.ActiveCfg = Release|Any CPU
		{178E4973-FC75-4741-A054-0B964CA0DBCB}.Release|Any CPU.Build.0 = Release|Any CPU
		{0A66214D-C2EA-48E2-9A1E-DD0A2337A01D}.Debug|Any CPU.ActiveCfg = Debug|Any CPU
		{0A66214D-C2EA-48E2-9A1E-DD0A2337A01D}.Debug|Any CPU.Build.0 = Debug|Any CPU
		{0A66214D-C2EA-48E2-9A1E-DD0A2337A01D}.Release|Any CPU.ActiveCfg = Release|Any CPU
		{0A66214D-C2EA-48E2-9A1E-DD0A2337A01D}.Release|Any CPU.Build.0 = Release|Any CPU
		{AAA64FA2-DA2E-4D34-8FA7-3BB18F256C13}.Debug|Any CPU.ActiveCfg = Debug|Any CPU
		{AAA64FA2-DA2E-4D34-8FA7-3BB18F256C13}.Debug|Any CPU.Build.0 = Debug|Any CPU
		{AAA64FA2-DA2E-4D34-8FA7-3BB18F256C13}.Release|Any CPU.ActiveCfg = Release|Any CPU
		{AAA64FA2-DA2E-4D34-8FA7-3BB18F256C13}.Release|Any CPU.Build.0 = Release|Any CPU
		{6750BD56-B1FF-4A24-B0FB-238C575E7F4F}.Debug|Any CPU.ActiveCfg = Debug|Any CPU
		{6750BD56-B1FF-4A24-B0FB-238C575E7F4F}.Debug|Any CPU.Build.0 = Debug|Any CPU
		{6750BD56-B1FF-4A24-B0FB-238C575E7F4F}.Release|Any CPU.ActiveCfg = Release|Any CPU
		{6750BD56-B1FF-4A24-B0FB-238C575E7F4F}.Release|Any CPU.Build.0 = Release|Any CPU
	EndGlobalSection
	GlobalSection(SolutionProperties) = preSolution
		HideSolutionNode = FALSE
	EndGlobalSection
	GlobalSection(NestedProjects) = preSolution
		{178E4973-FC75-4741-A054-0B964CA0DBCB} = {6461C443-BD30-4094-9C83-39DCBA264A3F}
		{0A66214D-C2EA-48E2-9A1E-DD0A2337A01D} = {4DF4EF71-1A28-4ABD-A427-A5E636FC2D0C}
		{AAA64FA2-DA2E-4D34-8FA7-3BB18F256C13} = {31D8FCA4-1AB6-4EAC-BE74-7F9A2FE02FA5}
		{6750BD56-B1FF-4A24-B0FB-238C575E7F4F} = {31D8FCA4-1AB6-4EAC-BE74-7F9A2FE02FA5}
	EndGlobalSection
EndGlobal
